
Microsoft Visual Studio Solution File, Format Version 12.00
# Visual Studio 15
VisualStudioVersion = 15.0.27130.2010
MinimumVisualStudioVersion = 10.0.40219.1
Project("{FAE04EC0-301F-11D3-BF4B-00C04F79EFBC}") = "Example_1_Server", "Example 1\Example_1_Server.csproj", "{21199EFD-F38C-42FD-8716-E4132A124D76}"
EndProject
Project("{FAE04EC0-301F-11D3-BF4B-00C04F79EFBC}") = "Dummy", "Dummy\Dummy.csproj", "{F4DE9650-F0F5-4FB0-9EE7-D94ECE343990}"
EndProject
Global
	GlobalSection(SolutionConfigurationPlatforms) = preSolution
		Debug|Any CPU = Debug|Any CPU
		Release|Any CPU = Release|Any CPU
	EndGlobalSection
	GlobalSection(ProjectConfigurationPlatforms) = postSolution
		{21199EFD-F38C-42FD-8716-E4132A124D76}.Debug|Any CPU.ActiveCfg = Debug|Any CPU
		{21199EFD-F38C-42FD-8716-E4132A124D76}.Debug|Any CPU.Build.0 = Debug|Any CPU
		{21199EFD-F38C-42FD-8716-E4132A124D76}.Release|Any CPU.ActiveCfg = Release|Any CPU
		{21199EFD-F38C-42FD-8716-E4132A124D76}.Release|Any CPU.Build.0 = Release|Any CPU
		{F4DE9650-F0F5-4FB0-9EE7-D94ECE343990}.Debug|Any CPU.ActiveCfg = Debug|Any CPU
		{F4DE9650-F0F5-4FB0-9EE7-D94ECE343990}.Release|Any CPU.ActiveCfg = Release|Any CPU
		{F4DE9650-F0F5-4FB0-9EE7-D94ECE343990}.Release|Any CPU.Build.0 = Release|Any CPU
	EndGlobalSection
	GlobalSection(SolutionProperties) = preSolution
		HideSolutionNode = FALSE
	EndGlobalSection
	GlobalSection(ExtensibilityGlobals) = postSolution
		SolutionGuid = {12357931-3482-432D-AEA8-C63A4FD415AA}
	EndGlobalSection
EndGlobal
